
Microsoft Visual Studio Solution File, Format Version 12.00
Project("{2150E333-8FDC-42A3-9474-1A3956D46DE8}") = "solution", "solution", "{52C7AAEB-BC2B-4943-9D9E-63A7B1FD95C3}"
EndProject
Project("{2150E333-8FDC-42A3-9474-1A3956D46DE8}") = "src", "src", "{14C10EFC-8E59-4329-BDB0-15DF62975E85}"
EndProject
Project("{2150E333-8FDC-42A3-9474-1A3956D46DE8}") = "tests", "tests", "{99D529BA-647A-4176-AC94-D4127C3B3D9B}"
EndProject
Project("{FAE04EC0-301F-11D3-BF4B-00C04F79EFBC}") = "Hugo", "src\Hugo\Hugo.csproj", "{1FFE1C36-B1D3-471D-B713-2125EFD1B069}"
EndProject
Project("{FAE04EC0-301F-11D3-BF4B-00C04F79EFBC}") = "Hugo.Tests", "tests\Hugo.Tests\Hugo.Tests.csproj", "{8F09FD8E-9484-4619-9F08-F211353760F3}"
EndProject
Global
	GlobalSection(SolutionConfigurationPlatforms) = preSolution
		Debug|Any CPU = Debug|Any CPU
		Release|Any CPU = Release|Any CPU
	EndGlobalSection
	GlobalSection(NestedProjects) = preSolution
		{1FFE1C36-B1D3-471D-B713-2125EFD1B069} = {14C10EFC-8E59-4329-BDB0-15DF62975E85}
		{8F09FD8E-9484-4619-9F08-F211353760F3} = {99D529BA-647A-4176-AC94-D4127C3B3D9B}
	EndGlobalSection
	GlobalSection(ProjectConfigurationPlatforms) = postSolution
		{1FFE1C36-B1D3-471D-B713-2125EFD1B069}.Debug|Any CPU.ActiveCfg = Debug|Any CPU
		{1FFE1C36-B1D3-471D-B713-2125EFD1B069}.Debug|Any CPU.Build.0 = Debug|Any CPU
		{1FFE1C36-B1D3-471D-B713-2125EFD1B069}.Release|Any CPU.ActiveCfg = Release|Any CPU
		{1FFE1C36-B1D3-471D-B713-2125EFD1B069}.Release|Any CPU.Build.0 = Release|Any CPU
		{8F09FD8E-9484-4619-9F08-F211353760F3}.Debug|Any CPU.ActiveCfg = Debug|Any CPU
		{8F09FD8E-9484-4619-9F08-F211353760F3}.Debug|Any CPU.Build.0 = Debug|Any CPU
		{8F09FD8E-9484-4619-9F08-F211353760F3}.Release|Any CPU.ActiveCfg = Release|Any CPU
		{8F09FD8E-9484-4619-9F08-F211353760F3}.Release|Any CPU.Build.0 = Release|Any CPU
	EndGlobalSection
EndGlobal
